
Microsoft Visual Studio Solution File, Format Version 12.00
# Visual Studio Version 17
VisualStudioVersion = 17.13.35931.197 d17.13
MinimumVisualStudioVersion = 10.0.40219.1
Project("{FAE04EC0-301F-11D3-BF4B-00C04F79EFBC}") = "Taxes", "Taxes\Taxes.csproj", "{BEF91A45-1BB1-497D-A4A1-4816DF5D6335}"
EndProject
Global
	GlobalSection(SolutionConfigurationPlatforms) = preSolution
		Debug|Any CPU = Debug|Any CPU
		Release|Any CPU = Release|Any CPU
	EndGlobalSection
	GlobalSection(ProjectConfigurationPlatforms) = postSolution
		{BEF91A45-1BB1-497D-A4A1-4816DF5D6335}.Debug|Any CPU.ActiveCfg = Debug|Any CPU
		{BEF91A45-1BB1-497D-A4A1-4816DF5D6335}.Debug|Any CPU.Build.0 = Debug|Any CPU
		{BEF91A45-1BB1-497D-A4A1-4816DF5D6335}.Release|Any CPU.ActiveCfg = Release|Any CPU
		{BEF91A45-1BB1-497D-A4A1-4816DF5D6335}.Release|Any CPU.Build.0 = Release|Any CPU
	EndGlobalSection
	GlobalSection(SolutionProperties) = preSolution
		HideSolutionNode = FALSE
	EndGlobalSection
	GlobalSection(ExtensibilityGlobals) = postSolution
		SolutionGuid = {651DB479-B1BA-4329-98FC-0D9BD74459D8}
	EndGlobalSection
EndGlobal
